
Microsoft Visual Studio Solution File, Format Version 12.00
# Visual Studio 2012
Project("{FAE04EC0-301F-11D3-BF4B-00C04F79EFBC}") = "WeatheAPI", "WeatheAPI\WeatheAPI.csproj", "{13E7A5AB-AD52-4BBA-8E89-0A97F6FD2978}"
EndProject
Project("{FAE04EC0-301F-11D3-BF4B-00C04F79EFBC}") = "WeatheAPI.Tests", "WeatheAPI.Tests\WeatheAPI.Tests.csproj", "{6BB2BA2F-22BB-4D8F-A837-AD6DCBE0737F}"
EndProject
Global
	GlobalSection(SolutionConfigurationPlatforms) = preSolution
		Debug|Any CPU = Debug|Any CPU
		Release|Any CPU = Release|Any CPU
	EndGlobalSection
	GlobalSection(ProjectConfigurationPlatforms) = postSolution
		{13E7A5AB-AD52-4BBA-8E89-0A97F6FD2978}.Debug|Any CPU.ActiveCfg = Debug|Any CPU
		{13E7A5AB-AD52-4BBA-8E89-0A97F6FD2978}.Debug|Any CPU.Build.0 = Debug|Any CPU
		{13E7A5AB-AD52-4BBA-8E89-0A97F6FD2978}.Release|Any CPU.ActiveCfg = Release|Any CPU
		{13E7A5AB-AD52-4BBA-8E89-0A97F6FD2978}.Release|Any CPU.Build.0 = Release|Any CPU
		{6BB2BA2F-22BB-4D8F-A837-AD6DCBE0737F}.Debug|Any CPU.ActiveCfg = Debug|Any CPU
		{6BB2BA2F-22BB-4D8F-A837-AD6DCBE0737F}.Debug|Any CPU.Build.0 = Debug|Any CPU
		{6BB2BA2F-22BB-4D8F-A837-AD6DCBE0737F}.Release|Any CPU.ActiveCfg = Release|Any CPU
		{6BB2BA2F-22BB-4D8F-A837-AD6DCBE0737F}.Release|Any CPU.Build.0 = Release|Any CPU
	EndGlobalSection
	GlobalSection(SolutionProperties) = preSolution
		HideSolutionNode = FALSE
	EndGlobalSection
EndGlobal
